
Microsoft Visual Studio Solution File, Format Version 11.00
# Visual Studio 2010
Project("{FAE04EC0-301F-11D3-BF4B-00C04F79EFBC}") = "Assembly-CSharp", "Assembly-CSharp.csproj", "{aaa4bce0-9d13-2db6-c6e3-8f4bcadfba29}"
EndProject
Project("{FAE04EC0-301F-11D3-BF4B-00C04F79EFBC}") = "Assembly-CSharp-Editor", "Assembly-CSharp-Editor.csproj", "{b38a6cfd-606c-3772-b0bf-b7a92a1f3c81}"
EndProject
Global
	GlobalSection(SolutionConfigurationPlatforms) = preSolution
		Debug|Any CPU = Debug|Any CPU
	EndGlobalSection
	GlobalSection(ProjectConfigurationPlatforms) = postSolution
		{aaa4bce0-9d13-2db6-c6e3-8f4bcadfba29}.Debug|Any CPU.ActiveCfg = Debug|Any CPU
		{aaa4bce0-9d13-2db6-c6e3-8f4bcadfba29}.Debug|Any CPU.Build.0 = Debug|Any CPU
		{b38a6cfd-606c-3772-b0bf-b7a92a1f3c81}.Debug|Any CPU.ActiveCfg = Debug|Any CPU
		{b38a6cfd-606c-3772-b0bf-b7a92a1f3c81}.Debug|Any CPU.Build.0 = Debug|Any CPU
	EndGlobalSection
	GlobalSection(SolutionProperties) = preSolution
		HideSolutionNode = FALSE
	EndGlobalSection
EndGlobal
